
Microsoft Visual Studio Solution File, Format Version 12.00
# Visual Studio Version 17
VisualStudioVersion = 17.14.37301.10 d17.14
MinimumVisualStudioVersion = 10.0.40219.1
Project("{FAE04EC0-301F-11D3-BF4B-00C04F79EFBC}") = "DatabaseMigrator", "DatabaseMigrator\DatabaseMigrator.csproj", "{5E491514-CAA4-4FE4-BFF2-2AE3EF061FF5}"
EndProject
Project("{FAE04EC0-301F-11D3-BF4B-00C04F79EFBC}") = "CurrencyTest.Database", "..\CurrencyTest.Database\CurrencyTest.Database.csproj", "{B8A5BFC3-8E7B-9BF1-54DE-1582513C7C55}"
EndProject
Global
	GlobalSection(SolutionConfigurationPlatforms) = preSolution
		Debug|Any CPU = Debug|Any CPU
		Release|Any CPU = Release|Any CPU
	EndGlobalSection
	GlobalSection(ProjectConfigurationPlatforms) = postSolution
		{5E491514-CAA4-4FE4-BFF2-2AE3EF061FF5}.Debug|Any CPU.ActiveCfg = Debug|Any CPU
		{5E491514-CAA4-4FE4-BFF2-2AE3EF061FF5}.Debug|Any CPU.Build.0 = Debug|Any CPU
		{5E491514-CAA4-4FE4-BFF2-2AE3EF061FF5}.Release|Any CPU.ActiveCfg = Release|Any CPU
		{5E491514-CAA4-4FE4-BFF2-2AE3EF061FF5}.Release|Any CPU.Build.0 = Release|Any CPU
		{B8A5BFC3-8E7B-9BF1-54DE-1582513C7C55}.Debug|Any CPU.ActiveCfg = Debug|Any CPU
		{B8A5BFC3-8E7B-9BF1-54DE-1582513C7C55}.Debug|Any CPU.Build.0 = Debug|Any CPU
		{B8A5BFC3-8E7B-9BF1-54DE-1582513C7C55}.Release|Any CPU.ActiveCfg = Release|Any CPU
		{B8A5BFC3-8E7B-9BF1-54DE-1582513C7C55}.Release|Any CPU.Build.0 = Release|Any CPU
	EndGlobalSection
	GlobalSection(SolutionProperties) = preSolution
		HideSolutionNode = FALSE
	EndGlobalSection
	GlobalSection(ExtensibilityGlobals) = postSolution
		SolutionGuid = {C4DEB9A6-6344-4B0B-BEE4-F5B6CA37B58E}
	EndGlobalSection
EndGlobal
